// !$*UTF8*$!
{
	archiveVersion = 1;
	classes = {
	};
	objectVersion = 56;
	objects = {

/* Begin PBXBuildFile section */
		0811AC1D2C5AE48A003E752D /* readme.md in Resources */ = {isa = PBXBuildFile; fileRef = 0811AC1C2C5AE48A003E752D /* readme.md */; };
		087672852D28603500683FA2 /* HabitViewModel.swift in Sources */ = {isa = PBXBuildFile; fileRef = 087672842D28603500683FA2 /* HabitViewModel.swift */; };
		08C6A69C2C5AC8640001A26D /* SimpleHabitTrackerApp.swift in Sources */ = {isa = PBXBuildFile; fileRef = 08C6A69B2C5AC8640001A26D /* SimpleHabitTrackerApp.swift */; };
		08C6A69E2C5AC8640001A26D /* HabitTrackerView.swift in Sources */ = {isa = PBXBuildFile; fileRef = 08C6A69D2C5AC8640001A26D /* HabitTrackerView.swift */; };
		08C6A6A02C5AC8660001A26D /* Assets.xcassets in Resources */ = {isa = PBXBuildFile; fileRef = 08C6A69F2C5AC8660001A26D /* Assets.xcassets */; };
		08C6A6A32C5AC8660001A26D /* Preview Assets.xcassets in Resources */ = {isa = PBXBuildFile; fileRef = 08C6A6A22C5AC8660001A26D /* Preview Assets.xcassets */; };
		08C6A6AD2C5AC8660001A26D /* SimpleHabitTrackerTests.swift in Sources */ = {isa = PBXBuildFile; fileRef = 08C6A6AC2C5AC8660001A26D /* SimpleHabitTrackerTests.swift */; };
		08C6A6B72C5AC8660001A26D /* SimpleHabitTrackerUITests.swift in Sources */ = {isa = PBXBuildFile; fileRef = 08C6A6B62C5AC8660001A26D /* SimpleHabitTrackerUITests.swift */; };
		08C6A6B92C5AC8660001A26D /* SimpleHabitTrackerUITestsLaunchTests.swift in Sources */ = {isa = PBXBuildFile; fileRef = 08C6A6B82C5AC8660001A26D /* SimpleHabitTrackerUITestsLaunchTests.swift */; };
		08E202542C5E9D6F0054A4AD /* HabitModel.swift in Sources */ = {isa = PBXBuildFile; fileRef = 08E202532C5E9D6F0054A4AD /* HabitModel.swift */; };
		AA0001012D00000100000001 /* HabitState.swift in Sources */ = {isa = PBXBuildFile; fileRef = AA0001002D00000100000001 /* HabitState.swift */; };
		AA0001032D00000100000002 /* WeekRecord.swift in Sources */ = {isa = PBXBuildFile; fileRef = AA0001022D00000100000002 /* WeekRecord.swift */; };
		AA0001052D00000100000003 /* MigrationManager.swift in Sources */ = {isa = PBXBuildFile; fileRef = AA0001042D00000100000003 /* MigrationManager.swift */; };
		BB0002012E00000200000001 /* HabitRowView.swift in Sources */ = {isa = PBXBuildFile; fileRef = BB0002002E00000200000001 /* HabitRowView.swift */; };
		BB0002032E00000200000002 /* WeekNavigationView.swift in Sources */ = {isa = PBXBuildFile; fileRef = BB0002022E00000200000002 /* WeekNavigationView.swift */; };
		CC0003012F00000300000001 /* PurchaseManager.swift in Sources */ = {isa = PBXBuildFile; fileRef = CC0003002F00000300000001 /* PurchaseManager.swift */; };
		CC0003032F00000300000002 /* PaywallView.swift in Sources */ = {isa = PBXBuildFile; fileRef = CC0003022F00000300000002 /* PaywallView.swift */; };
		DD0004013000000400000001 /* SettingsView.swift in Sources */ = {isa = PBXBuildFile; fileRef = DD0004003000000400000001 /* SettingsView.swift */; };
/* End PBXBuildFile section */

/* Begin PBXContainerItemProxy section */
		08C6A6A92C5AC8660001A26D /* PBXContainerItemProxy */ = {
			isa = PBXContainerItemProxy;
			containerPortal = 08C6A6902C5AC8640001A26D /* Project object */;
			proxyType = 1;
			remoteGlobalIDString = 08C6A6972C5AC8640001A26D;
			remoteInfo = simpleHabitTracker;
		};
		08C6A6B32C5AC8660001A26D /* PBXContainerItemProxy */ = {
			isa = PBXContainerItemProxy;
			containerPortal = 08C6A6902C5AC8640001A26D /* Project object */;
			proxyType = 1;
			remoteGlobalIDString = 08C6A6972C5AC8640001A26D;
			remoteInfo = simpleHabitTracker;
		};
/* End PBXContainerItemProxy section */

/* Begin PBXFileReference section */
		0811AC1C2C5AE48A003E752D /* readme.md */ = {isa = PBXFileReference; lastKnownFileType = net.daringfireball.markdown; path = readme.md; sourceTree = SOURCE_ROOT; };
		087672842D28603500683FA2 /* HabitViewModel.swift */ = {isa = PBXFileReference; lastKnownFileType = sourcecode.swift; path = HabitViewModel.swift; sourceTree = "<group>"; };
		08C6A6982C5AC8640001A26D /* SimpleHabitTracker.app */ = {isa = PBXFileReference; explicitFileType = wrapper.application; includeInIndex = 0; path = SimpleHabitTracker.app; sourceTree = BUILT_PRODUCTS_DIR; };
		08C6A69B2C5AC8640001A26D /* SimpleHabitTrackerApp.swift */ = {isa = PBXFileReference; lastKnownFileType = sourcecode.swift; path = SimpleHabitTrackerApp.swift; sourceTree = "<group>"; };
		08C6A69D2C5AC8640001A26D /* HabitTrackerView.swift */ = {isa = PBXFileReference; lastKnownFileType = sourcecode.swift; path = HabitTrackerView.swift; sourceTree = "<group>"; };
		08C6A69F2C5AC8660001A26D /* Assets.xcassets */ = {isa = PBXFileReference; lastKnownFileType = folder.assetcatalog; path = Assets.xcassets; sourceTree = "<group>"; };
		08C6A6A22C5AC8660001A26D /* Preview Assets.xcassets */ = {isa = PBXFileReference; lastKnownFileType = folder.assetcatalog; path = "Preview Assets.xcassets"; sourceTree = "<group>"; };
		08C6A6A82C5AC8660001A26D /* SimpleHabitTrackerTests.xctest */ = {isa = PBXFileReference; explicitFileType = wrapper.cfbundle; includeInIndex = 0; path = SimpleHabitTrackerTests.xctest; sourceTree = BUILT_PRODUCTS_DIR; };
		08C6A6AC2C5AC8660001A26D /* SimpleHabitTrackerTests.swift */ = {isa = PBXFileReference; lastKnownFileType = sourcecode.swift; path = SimpleHabitTrackerTests.swift; sourceTree = "<group>"; };
		08C6A6B22C5AC8660001A26D /* SimpleHabitTrackerUITests.xctest */ = {isa = PBXFileReference; explicitFileType = wrapper.cfbundle; includeInIndex = 0; path = SimpleHabitTrackerUITests.xctest; sourceTree = BUILT_PRODUCTS_DIR; };
		08C6A6B62C5AC8660001A26D /* SimpleHabitTrackerUITests.swift */ = {isa = PBXFileReference; lastKnownFileType = sourcecode.swift; path = SimpleHabitTrackerUITests.swift; sourceTree = "<group>"; };
		08C6A6B82C5AC8660001A26D /* SimpleHabitTrackerUITestsLaunchTests.swift */ = {isa = PBXFileReference; lastKnownFileType = sourcecode.swift; path = SimpleHabitTrackerUITestsLaunchTests.swift; sourceTree = "<group>"; };
		08E202532C5E9D6F0054A4AD /* HabitModel.swift */ = {isa = PBXFileReference; lastKnownFileType = sourcecode.swift; path = HabitModel.swift; sourceTree = "<group>"; };
		AA0001002D00000100000001 /* HabitState.swift */ = {isa = PBXFileReference; lastKnownFileType = sourcecode.swift; path = HabitState.swift; sourceTree = "<group>"; };
		AA0001022D00000100000002 /* WeekRecord.swift */ = {isa = PBXFileReference; lastKnownFileType = sourcecode.swift; path = WeekRecord.swift; sourceTree = "<group>"; };
		AA0001042D00000100000003 /* MigrationManager.swift */ = {isa = PBXFileReference; lastKnownFileType = sourcecode.swift; path = MigrationManager.swift; sourceTree = "<group>"; };
		BB0002002E00000200000001 /* HabitRowView.swift */ = {isa = PBXFileReference; lastKnownFileType = sourcecode.swift; path = HabitRowView.swift; sourceTree = "<group>"; };
		BB0002022E00000200000002 /* WeekNavigationView.swift */ = {isa = PBXFileReference; lastKnownFileType = sourcecode.swift; path = WeekNavigationView.swift; sourceTree = "<group>"; };
		CC0003002F00000300000001 /* PurchaseManager.swift */ = {isa = PBXFileReference; lastKnownFileType = sourcecode.swift; path = PurchaseManager.swift; sourceTree = "<group>"; };
		CC0003022F00000300000002 /* PaywallView.swift */ = {isa = PBXFileReference; lastKnownFileType = sourcecode.swift; path = PaywallView.swift; sourceTree = "<group>"; };
		DD0004003000000400000001 /* SettingsView.swift */ = {isa = PBXFileReference; lastKnownFileType = sourcecode.swift; path = SettingsView.swift; sourceTree = "<group>"; };
/* End PBXFileReference section */

/* Begin PBXFrameworksBuildPhase section */
		08C6A6952C5AC8640001A26D /* Frameworks */ = {
			isa = PBXFrameworksBuildPhase;
			buildActionMask = 2147483647;
			files = (
			);
			runOnlyForDeploymentPostprocessing = 0;
		};
		08C6A6A52C5AC8660001A26D /* Frameworks */ = {
			isa = PBXFrameworksBuildPhase;
			buildActionMask = 2147483647;
			files = (
			);
			runOnlyForDeploymentPostprocessing = 0;
		};
		08C6A6AF2C5AC8660001A26D /* Frameworks */ = {
			isa = PBXFrameworksBuildPhase;
			buildActionMask = 2147483647;
			files = (
			);
			runOnlyForDeploymentPostprocessing = 0;
		};
/* End PBXFrameworksBuildPhase section */

/* Begin PBXGroup section */
		08C6A68F2C5AC8640001A26D = {
			isa = PBXGroup;
			children = (
				08C6A69A2C5AC8640001A26D /* SimpleHabitTracker */,
				08C6A6AB2C5AC8660001A26D /* SimpleHabitTrackerTests */,
				08C6A6B52C5AC8660001A26D /* SimpleHabitTrackerUITests */,
				08C6A6992C5AC8640001A26D /* Products */,
			);
			sourceTree = "<group>";
		};
		08C6A6992C5AC8640001A26D /* Products */ = {
			isa = PBXGroup;
			children = (
				08C6A6982C5AC8640001A26D /* SimpleHabitTracker.app */,
				08C6A6A82C5AC8660001A26D /* SimpleHabitTrackerTests.xctest */,
				08C6A6B22C5AC8660001A26D /* SimpleHabitTrackerUITests.xctest */,
			);
			name = Products;
			sourceTree = "<group>";
		};
		AA0001062D00000100000004 /* Models */ = {
			isa = PBXGroup;
			children = (
				08E202532C5E9D6F0054A4AD /* HabitModel.swift */,
				AA0001002D00000100000001 /* HabitState.swift */,
				AA0001022D00000100000002 /* WeekRecord.swift */,
			);
			path = Models;
			sourceTree = "<group>";
		};
		AA0001072D00000100000005 /* Utilities */ = {
			isa = PBXGroup;
			children = (
				AA0001042D00000100000003 /* MigrationManager.swift */,
			);
			path = Utilities;
			sourceTree = "<group>";
		};
		BB0002042E00000200000003 /* Views */ = {
			isa = PBXGroup;
			children = (
				BB0002002E00000200000001 /* HabitRowView.swift */,
				CC0003022F00000300000002 /* PaywallView.swift */,
				DD0004003000000400000001 /* SettingsView.swift */,
				BB0002022E00000200000002 /* WeekNavigationView.swift */,
			);
			path = Views;
			sourceTree = "<group>";
		};
		08C6A69A2C5AC8640001A26D /* SimpleHabitTracker */ = {
			isa = PBXGroup;
			children = (
				AA0001062D00000100000004 /* Models */,
				AA0001072D00000100000005 /* Utilities */,
				BB0002042E00000200000003 /* Views */,
				08C6A69B2C5AC8640001A26D /* SimpleHabitTrackerApp.swift */,
				08C6A69D2C5AC8640001A26D /* HabitTrackerView.swift */,
				087672842D28603500683FA2 /* HabitViewModel.swift */,
				CC0003002F00000300000001 /* PurchaseManager.swift */,
				0811AC1C2C5AE48A003E752D /* readme.md */,
				08C6A69F2C5AC8660001A26D /* Assets.xcassets */,
				08C6A6A12C5AC8660001A26D /* Preview Content */,
			);
			path = SimpleHabitTracker;
			sourceTree = "<group>";
		};
		08C6A6A12C5AC8660001A26D /* Preview Content */ = {
			isa = PBXGroup;
			children = (
				08C6A6A22C5AC8660001A26D /* Preview Assets.xcassets */,
			);
			path = "Preview Content";
			sourceTree = "<group>";
		};
		08C6A6AB2C5AC8660001A26D /* SimpleHabitTrackerTests */ = {
			isa = PBXGroup;
			children = (
				08C6A6AC2C5AC8660001A26D /* SimpleHabitTrackerTests.swift */,
			);
			path = SimpleHabitTrackerTests;
			sourceTree = "<group>";
		};
		08C6A6B52C5AC8660001A26D /* SimpleHabitTrackerUITests */ = {
			isa = PBXGroup;
			children = (
				08C6A6B62C5AC8660001A26D /* SimpleHabitTrackerUITests.swift */,
				08C6A6B82C5AC8660001A26D /* SimpleHabitTrackerUITestsLaunchTests.swift */,
			);
			path = SimpleHabitTrackerUITests;
			sourceTree = "<group>";
		};
/* End PBXGroup section */

/* Begin PBXNativeTarget section */
		08C6A6972C5AC8640001A26D /* SimpleHabitTracker */ = {
			isa = PBXNativeTarget;
			buildConfigurationList = 08C6A6BC2C5AC8660001A26D /* Build configuration list for PBXNativeTarget "SimpleHabitTracker" */;
			buildPhases = (
				08C6A6942C5AC8640001A26D /* Sources */,
				08C6A6952C5AC8640001A26D /* Frameworks */,
				08C6A6962C5AC8640001A26D /* Resources */,
			);
			buildRules = (
			);
			dependencies = (
			);
			name = SimpleHabitTracker;
			productName = simpleHabitTracker;
			productReference = 08C6A6982C5AC8640001A26D /* SimpleHabitTracker.app */;
			productType = "com.apple.product-type.application";
		};
		08C6A6A72C5AC8660001A26D /* SimpleHabitTrackerTests */ = {
			isa = PBXNativeTarget;
			buildConfigurationList = 08C6A6BF2C5AC8660001A26D /* Build configuration list for PBXNativeTarget "SimpleHabitTrackerTests" */;
			buildPhases = (
				08C6A6A42C5AC8660001A26D /* Sources */,
				08C6A6A52C5AC8660001A26D /* Frameworks */,
				08C6A6A62C5AC8660001A26D /* Resources */,
			);
			buildRules = (
			);
			dependencies = (
				08C6A6AA2C5AC8660001A26D /* PBXTargetDependency */,
			);
			name = SimpleHabitTrackerTests;
			productName = simpleHabitTrackerTests;
			productReference = 08C6A6A82C5AC8660001A26D /* SimpleHabitTrackerTests.xctest */;
			productType = "com.apple.product-type.bundle.unit-test";
		};
		08C6A6B12C5AC8660001A26D /* SimpleHabitTrackerUITests */ = {
			isa = PBXNativeTarget;
			buildConfigurationList = 08C6A6C22C5AC8660001A26D /* Build configuration list for PBXNativeTarget "SimpleHabitTrackerUITests" */;
			buildPhases = (
				08C6A6AE2C5AC8660001A26D /* Sources */,
				08C6A6AF2C5AC8660001A26D /* Frameworks */,
				08C6A6B02C5AC8660001A26D /* Resources */,
			);
			buildRules = (
			);
			dependencies = (
				08C6A6B42C5AC8660001A26D /* PBXTargetDependency */,
			);
			name = SimpleHabitTrackerUITests;
			productName = simpleHabitTrackerUITests;
			productReference = 08C6A6B22C5AC8660001A26D /* SimpleHabitTrackerUITests.xctest */;
			productType = "com.apple.product-type.bundle.ui-testing";
		};
/* End PBXNativeTarget section */

/* Begin PBXProject section */
		08C6A6902C5AC8640001A26D /* Project object */ = {
			isa = PBXProject;
			attributes = {
				BuildIndependentTargetsInParallel = 1;
				LastSwiftUpdateCheck = 1540;
				LastUpgradeCheck = 1540;
				TargetAttributes = {
					08C6A6972C5AC8640001A26D = {
						CreatedOnToolsVersion = 15.4;
					};
					08C6A6A72C5AC8660001A26D = {
						CreatedOnToolsVersion = 15.4;
						TestTargetID = 08C6A6972C5AC8640001A26D;
					};
					08C6A6B12C5AC8660001A26D = {
						CreatedOnToolsVersion = 15.4;
						TestTargetID = 08C6A6972C5AC8640001A26D;
					};
				};
			};
			buildConfigurationList = 08C6A6932C5AC8640001A26D /* Build configuration list for PBXProject "SimpleHabitTracker" */;
			compatibilityVersion = "Xcode 14.0";
			developmentRegion = en;
			hasScannedForEncodings = 0;
			knownRegions = (
				en,
				Base,
			);
			mainGroup = 08C6A68F2C5AC8640001A26D;
			productRefGroup = 08C6A6992C5AC8640001A26D /* Products */;
			projectDirPath = "";
			projectRoot = "";
			targets = (
				08C6A6972C5AC8640001A26D /* SimpleHabitTracker */,
				08C6A6A72C5AC8660001A26D /* SimpleHabitTrackerTests */,
				08C6A6B12C5AC8660001A26D /* SimpleHabitTrackerUITests */,
			);
		};
/* End PBXProject section */

/* Begin PBXResourcesBuildPhase section */
		08C6A6962C5AC8640001A26D /* Resources */ = {
			isa = PBXResourcesBuildPhase;
			buildActionMask = 2147483647;
			files = (
				08C6A6A32C5AC8660001A26D /* Preview Assets.xcassets in Resources */,
				0811AC1D2C5AE48A003E752D /* readme.md in Resources */,
				08C6A6A02C5AC8660001A26D /* Assets.xcassets in Resources */,
			);
			runOnlyForDeploymentPostprocessing = 0;
		};
		08C6A6A62C5AC8660001A26D /* Resources */ = {
			isa = PBXResourcesBuildPhase;
			buildActionMask = 2147483647;
			files = (
			);
			runOnlyForDeploymentPostprocessing = 0;
		};
		08C6A6B02C5AC8660001A26D /* Resources */ = {
			isa = PBXResourcesBuildPhase;
			buildActionMask = 2147483647;
			files = (
			);
			runOnlyForDeploymentPostprocessing = 0;
		};
/* End PBXResourcesBuildPhase section */

/* Begin PBXSourcesBuildPhase section */
		08C6A6942C5AC8640001A26D /* Sources */ = {
			isa = PBXSourcesBuildPhase;
			buildActionMask = 2147483647;
			files = (
				08E202542C5E9D6F0054A4AD /* HabitModel.swift in Sources */,
				08C6A69E2C5AC8640001A26D /* HabitTrackerView.swift in Sources */,
				08C6A69C2C5AC8640001A26D /* SimpleHabitTrackerApp.swift in Sources */,
				087672852D28603500683FA2 /* HabitViewModel.swift in Sources */,
				AA0001012D00000100000001 /* HabitState.swift in Sources */,
				AA0001032D00000100000002 /* WeekRecord.swift in Sources */,
				AA0001052D00000100000003 /* MigrationManager.swift in Sources */,
				BB0002012E00000200000001 /* HabitRowView.swift in Sources */,
				BB0002032E00000200000002 /* WeekNavigationView.swift in Sources */,
				CC0003012F00000300000001 /* PurchaseManager.swift in Sources */,
				CC0003032F00000300000002 /* PaywallView.swift in Sources */,
				DD0004013000000400000001 /* SettingsView.swift in Sources */,
			);
			runOnlyForDeploymentPostprocessing = 0;
		};
		08C6A6A42C5AC8660001A26D /* Sources */ = {
			isa = PBXSourcesBuildPhase;
			buildActionMask = 2147483647;
			files = (
				08C6A6AD2C5AC8660001A26D /* SimpleHabitTrackerTests.swift in Sources */,
			);
			runOnlyForDeploymentPostprocessing = 0;
		};
		08C6A6AE2C5AC8660001A26D /* Sources */ = {
			isa = PBXSourcesBuildPhase;
			buildActionMask = 2147483647;
			files = (
				08C6A6B92C5AC8660001A26D /* SimpleHabitTrackerUITestsLaunchTests.swift in Sources */,
				08C6A6B72C5AC8660001A26D /* SimpleHabitTrackerUITests.swift in Sources */,
			);
			runOnlyForDeploymentPostprocessing = 0;
		};
/* End PBXSourcesBuildPhase section */

/* Begin PBXTargetDependency section */
		08C6A6AA2C5AC8660001A26D /* PBXTargetDependency */ = {
			isa = PBXTargetDependency;
			target = 08C6A6972C5AC8640001A26D /* SimpleHabitTracker */;
			targetProxy = 08C6A6A92C5AC8660001A26D /* PBXContainerItemProxy */;
		};
		08C6A6B42C5AC8660001A26D /* PBXTargetDependency */ = {
			isa = PBXTargetDependency;
			target = 08C6A6972C5AC8640001A26D /* SimpleHabitTracker */;
			targetProxy = 08C6A6B32C5AC8660001A26D /* PBXContainerItemProxy */;
		};
/* End PBXTargetDependency section */

/* Begin XCBuildConfiguration section */
		08C6A6BA2C5AC8660001A26D /* Debug */ = {
			isa = XCBuildConfiguration;
			buildSettings = {
				ALWAYS_SEARCH_USER_PATHS = NO;
				ASSETCATALOG_COMPILER_GENERATE_SWIFT_ASSET_SYMBOL_EXTENSIONS = YES;
				CLANG_ANALYZER_NONNULL = YES;
				CLANG_ANALYZER_NUMBER_OBJECT_CONVERSION = YES_AGGRESSIVE;
				CLANG_CXX_LANGUAGE_STANDARD = "gnu++20";
				CLANG_ENABLE_MODULES = YES;
				CLANG_ENABLE_OBJC_ARC = YES;
				CLANG_ENABLE_OBJC_WEAK = YES;
				CLANG_WARN_BLOCK_CAPTURE_AUTORELEASING = YES;
				CLANG_WARN_BOOL_CONVERSION = YES;
				CLANG_WARN_COMMA = YES;
				CLANG_WARN_CONSTANT_CONVERSION = YES;
				CLANG_WARN_DEPRECATED_OBJC_IMPLEMENTATIONS = YES;
				CLANG_WARN_DIRECT_OBJC_ISA_USAGE = YES_ERROR;
				CLANG_WARN_DOCUMENTATION_COMMENTS = YES;
				CLANG_WARN_EMPTY_BODY = YES;
				CLANG_WARN_ENUM_CONVERSION = YES;
				CLANG_WARN_INFINITE_RECURSION = YES;
				CLANG_WARN_INT_CONVERSION = YES;
				CLANG_WARN_NON_LITERAL_NULL_CONVERSION = YES;
				CLANG_WARN_OBJC_IMPLICIT_RETAIN_SELF = YES;
				CLANG_WARN_OBJC_LITERAL_CONVERSION = YES;
				CLANG_WARN_OBJC_ROOT_CLASS = YES_ERROR;
				CLANG_WARN_QUOTED_INCLUDE_IN_FRAMEWORK_HEADER = YES;
				CLANG_WARN_RANGE_LOOP_ANALYSIS = YES;
				CLANG_WARN_STRICT_PROTOTYPES = YES;
				CLANG_WARN_SUSPICIOUS_MOVE = YES;
				CLANG_WARN_UNGUARDED_AVAILABILITY = YES_AGGRESSIVE;
				CLANG_WARN_UNREACHABLE_CODE = YES;
				CLANG_WARN__DUPLICATE_METHOD_MATCH = YES;
				COPY_PHASE_STRIP = NO;
				DEBUG_INFORMATION_FORMAT = dwarf;
				ENABLE_STRICT_OBJC_MSGSEND = YES;
				ENABLE_TESTABILITY = YES;
				ENABLE_USER_SCRIPT_SANDBOXING = YES;
				GCC_C_LANGUAGE_STANDARD = gnu17;
				GCC_DYNAMIC_NO_PIC = NO;
				GCC_NO_COMMON_BLOCKS = YES;
				GCC_OPTIMIZATION_LEVEL = 0;
				GCC_PREPROCESSOR_DEFINITIONS = (
					"DEBUG=1",
					"$(inherited)",
				);
				GCC_WARN_64_TO_32_BIT_CONVERSION = YES;
				GCC_WARN_ABOUT_RETURN_TYPE = YES_ERROR;
				GCC_WARN_UNDECLARED_SELECTOR = YES;
				GCC_WARN_UNINITIALIZED_AUTOS = YES_AGGRESSIVE;
				GCC_WARN_UNUSED_FUNCTION = YES;
				GCC_WARN_UNUSED_VARIABLE = YES;
				IPHONEOS_DEPLOYMENT_TARGET = 17.5;
				LOCALIZATION_PREFERS_STRING_CATALOGS = YES;
				MTL_ENABLE_DEBUG_INFO = INCLUDE_SOURCE;
				MTL_FAST_MATH = YES;
				ONLY_ACTIVE_ARCH = YES;
				SDKROOT = iphoneos;
				SWIFT_ACTIVE_COMPILATION_CONDITIONS = "DEBUG $(inherited)";
				SWIFT_OPTIMIZATION_LEVEL = "-Onone";
			};
			name = Debug;
		};
		08C6A6BB2C5AC8660001A26D /* Release */ = {
			isa = XCBuildConfiguration;
			buildSettings = {
				ALWAYS_SEARCH_USER_PATHS = NO;
				ASSETCATALOG_COMPILER_GENERATE_SWIFT_ASSET_SYMBOL_EXTENSIONS = YES;
				CLANG_ANALYZER_NONNULL = YES;
				CLANG_ANALYZER_NUMBER_OBJECT_CONVERSION = YES_AGGRESSIVE;
				CLANG_CXX_LANGUAGE_STANDARD = "gnu++20";
				CLANG_ENABLE_MODULES = YES;
				CLANG_ENABLE_OBJC_ARC = YES;
				CLANG_ENABLE_OBJC_WEAK = YES;
				CLANG_WARN_BLOCK_CAPTURE_AUTORELEASING = YES;
				CLANG_WARN_BOOL_CONVERSION = YES;
				CLANG_WARN_COMMA = YES;
				CLANG_WARN_CONSTANT_CONVERSION = YES;
				CLANG_WARN_DEPRECATED_OBJC_IMPLEMENTATIONS = YES;
				CLANG_WARN_DIRECT_OBJC_ISA_USAGE = YES_ERROR;
				CLANG_WARN_DOCUMENTATION_COMMENTS = YES;
				CLANG_WARN_EMPTY_BODY = YES;
				CLANG_WARN_ENUM_CONVERSION = YES;
				CLANG_WARN_INFINITE_RECURSION = YES;
				CLANG_WARN_INT_CONVERSION = YES;
				CLANG_WARN_NON_LITERAL_NULL_CONVERSION = YES;
				CLANG_WARN_OBJC_IMPLICIT_RETAIN_SELF = YES;
				CLANG_WARN_OBJC_LITERAL_CONVERSION = YES;
				CLANG_WARN_OBJC_ROOT_CLASS = YES_ERROR;
				CLANG_WARN_QUOTED_INCLUDE_IN_FRAMEWORK_HEADER = YES;
				CLANG_WARN_RANGE_LOOP_ANALYSIS = YES;
				CLANG_WARN_STRICT_PROTOTYPES = YES;
				CLANG_WARN_SUSPICIOUS_MOVE = YES;
				CLANG_WARN_UNGUARDED_AVAILABILITY = YES_AGGRESSIVE;
				CLANG_WARN_UNREACHABLE_CODE = YES;
				CLANG_WARN__DUPLICATE_METHOD_MATCH = YES;
				COPY_PHASE_STRIP = NO;
				DEBUG_INFORMATION_FORMAT = "dwarf-with-dsym";
				ENABLE_NS_ASSERTIONS = NO;
				ENABLE_STRICT_OBJC_MSGSEND = YES;
				ENABLE_USER_SCRIPT_SANDBOXING = YES;
				GCC_C_LANGUAGE_STANDARD = gnu17;
				GCC_NO_COMMON_BLOCKS = YES;
				GCC_WARN_64_TO_32_BIT_CONVERSION = YES;
				GCC_WARN_ABOUT_RETURN_TYPE = YES_ERROR;
				GCC_WARN_UNDECLARED_SELECTOR = YES;
				GCC_WARN_UNINITIALIZED_AUTOS = YES_AGGRESSIVE;
				GCC_WARN_UNUSED_FUNCTION = YES;
				GCC_WARN_UNUSED_VARIABLE = YES;
				IPHONEOS_DEPLOYMENT_TARGET = 17.5;
				LOCALIZATION_PREFERS_STRING_CATALOGS = YES;
				MTL_ENABLE_DEBUG_INFO = NO;
				MTL_FAST_MATH = YES;
				SDKROOT = iphoneos;
				SWIFT_COMPILATION_MODE = wholemodule;
				VALIDATE_PRODUCT = YES;
			};
			name = Release;
		};
		08C6A6BD2C5AC8660001A26D /* Debug */ = {
			isa = XCBuildConfiguration;
			buildSettings = {
				ASSETCATALOG_COMPILER_APPICON_NAME = AppIcon;
				ASSETCATALOG_COMPILER_GLOBAL_ACCENT_COLOR_NAME = AccentColor;
				CODE_SIGN_STYLE = Automatic;
				CURRENT_PROJECT_VERSION = 1;
				DEVELOPMENT_ASSET_PATHS = "\"simpleHabitTracker/Preview Content\"";
				DEVELOPMENT_TEAM = 228DC29L7W;
				ENABLE_PREVIEWS = YES;
				GENERATE_INFOPLIST_FILE = YES;
				INFOPLIST_KEY_UIApplicationSceneManifest_Generation = YES;
				INFOPLIST_KEY_UIApplicationSupportsIndirectInputEvents = YES;
				INFOPLIST_KEY_UILaunchScreen_Generation = YES;
				INFOPLIST_KEY_UISupportedInterfaceOrientations_iPad = "UIInterfaceOrientationPortrait UIInterfaceOrientationPortraitUpsideDown UIInterfaceOrientationLandscapeLeft UIInterfaceOrientationLandscapeRight";
				INFOPLIST_KEY_UISupportedInterfaceOrientations_iPhone = "UIInterfaceOrientationPortrait UIInterfaceOrientationLandscapeLeft UIInterfaceOrientationLandscapeRight";
				LD_RUNPATH_SEARCH_PATHS = (
					"$(inherited)",
					"@executable_path/Frameworks",
				);
				MARKETING_VERSION = 1.0;
				PRODUCT_BUNDLE_IDENTIFIER = thorbjxrn.SimpleHabitTracker;
				PRODUCT_NAME = "$(TARGET_NAME)";
				SWIFT_EMIT_LOC_STRINGS = YES;
				SWIFT_VERSION = 5.0;
				TARGETED_DEVICE_FAMILY = "1,2";
			};
			name = Debug;
		};
		08C6A6BE2C5AC8660001A26D /* Release */ = {
			isa = XCBuildConfiguration;
			buildSettings = {
				ASSETCATALOG_COMPILER_APPICON_NAME = AppIcon;
				ASSETCATALOG_COMPILER_GLOBAL_ACCENT_COLOR_NAME = AccentColor;
				CODE_SIGN_STYLE = Automatic;
				CURRENT_PROJECT_VERSION = 1;
				DEVELOPMENT_ASSET_PATHS = "\"simpleHabitTracker/Preview Content\"";
				DEVELOPMENT_TEAM = 228DC29L7W;
				ENABLE_PREVIEWS = YES;
				GENERATE_INFOPLIST_FILE = YES;
				INFOPLIST_KEY_UIApplicationSceneManifest_Generation = YES;
				INFOPLIST_KEY_UIApplicationSupportsIndirectInputEvents = YES;
				INFOPLIST_KEY_UILaunchScreen_Generation = YES;
				INFOPLIST_KEY_UISupportedInterfaceOrientations_iPad = "UIInterfaceOrientationPortrait UIInterfaceOrientationPortraitUpsideDown UIInterfaceOrientationLandscapeLeft UIInterfaceOrientationLandscapeRight";
				INFOPLIST_KEY_UISupportedInterfaceOrientations_iPhone = "UIInterfaceOrientationPortrait UIInterfaceOrientationLandscapeLeft UIInterfaceOrientationLandscapeRight";
				LD_RUNPATH_SEARCH_PATHS = (
					"$(inherited)",
					"@executable_path/Frameworks",
				);
				MARKETING_VERSION = 1.0;
				PRODUCT_BUNDLE_IDENTIFIER = thorbjxrn.SimpleHabitTracker;
				PRODUCT_NAME = "$(TARGET_NAME)";
				SWIFT_EMIT_LOC_STRINGS = YES;
				SWIFT_VERSION = 5.0;
				TARGETED_DEVICE_FAMILY = "1,2";
			};
			name = Release;
		};
		08C6A6C02C5AC8660001A26D /* Debug */ = {
			isa = XCBuildConfiguration;
			buildSettings = {
				ALWAYS_EMBED_SWIFT_STANDARD_LIBRARIES = YES;
				BUNDLE_LOADER = "$(TEST_HOST)";
				CODE_SIGN_STYLE = Automatic;
				CURRENT_PROJECT_VERSION = 1;
				DEVELOPMENT_TEAM = 228DC29L7W;
				GENERATE_INFOPLIST_FILE = YES;
				IPHONEOS_DEPLOYMENT_TARGET = 17.5;
				MARKETING_VERSION = 1.0;
				PRODUCT_BUNDLE_IDENTIFIER = thorbjxrn.SimpleHabitTrackerTests;
				PRODUCT_NAME = "$(TARGET_NAME)";
				SWIFT_EMIT_LOC_STRINGS = NO;
				SWIFT_VERSION = 5.0;
				TARGETED_DEVICE_FAMILY = "1,2";
				TEST_HOST = "$(BUILT_PRODUCTS_DIR)/SimpleHabitTracker.app/$(BUNDLE_EXECUTABLE_FOLDER_PATH)/SimpleHabitTracker";
			};
			name = Debug;
		};
		08C6A6C12C5AC8660001A26D /* Release */ = {
			isa = XCBuildConfiguration;
			buildSettings = {
				ALWAYS_EMBED_SWIFT_STANDARD_LIBRARIES = YES;
				BUNDLE_LOADER = "$(TEST_HOST)";
				CODE_SIGN_STYLE = Automatic;
				CURRENT_PROJECT_VERSION = 1;
				DEVELOPMENT_TEAM = 228DC29L7W;
				GENERATE_INFOPLIST_FILE = YES;
				IPHONEOS_DEPLOYMENT_TARGET = 17.5;
				MARKETING_VERSION = 1.0;
				PRODUCT_BUNDLE_IDENTIFIER = thorbjxrn.SimpleHabitTrackerTests;
				PRODUCT_NAME = "$(TARGET_NAME)";
				SWIFT_EMIT_LOC_STRINGS = NO;
				SWIFT_VERSION = 5.0;
				TARGETED_DEVICE_FAMILY = "1,2";
				TEST_HOST = "$(BUILT_PRODUCTS_DIR)/SimpleHabitTracker.app/$(BUNDLE_EXECUTABLE_FOLDER_PATH)/SimpleHabitTracker";
			};
			name = Release;
		};
		08C6A6C32C5AC8660001A26D /* Debug */ = {
			isa = XCBuildConfiguration;
			buildSettings = {
				ALWAYS_EMBED_SWIFT_STANDARD_LIBRARIES = YES;
				CODE_SIGN_STYLE = Automatic;
				CURRENT_PROJECT_VERSION = 1;
				DEVELOPMENT_TEAM = 228DC29L7W;
				GENERATE_INFOPLIST_FILE = YES;
				MARKETING_VERSION = 1.0;
				PRODUCT_BUNDLE_IDENTIFIER = thorbjxrn.SimpleHabitTrackerUITests;
				PRODUCT_NAME = "$(TARGET_NAME)";
				SWIFT_EMIT_LOC_STRINGS = NO;
				SWIFT_VERSION = 5.0;
				TARGETED_DEVICE_FAMILY = "1,2";
				TEST_TARGET_NAME = simpleHabitTracker;
			};
			name = Debug;
		};
		08C6A6C42C5AC8660001A26D /* Release */ = {
			isa = XCBuildConfiguration;
			buildSettings = {
				ALWAYS_EMBED_SWIFT_STANDARD_LIBRARIES = YES;
				CODE_SIGN_STYLE = Automatic;
				CURRENT_PROJECT_VERSION = 1;
				DEVELOPMENT_TEAM = 228DC29L7W;
				GENERATE_INFOPLIST_FILE = YES;
				MARKETING_VERSION = 1.0;
				PRODUCT_BUNDLE_IDENTIFIER = thorbjxrn.SimpleHabitTrackerUITests;
				PRODUCT_NAME = "$(TARGET_NAME)";
				SWIFT_EMIT_LOC_STRINGS = NO;
				SWIFT_VERSION = 5.0;
				TARGETED_DEVICE_FAMILY = "1,2";
				TEST_TARGET_NAME = simpleHabitTracker;
			};
			name = Release;
		};
/* End XCBuildConfiguration section */

/* Begin XCConfigurationList section */
		08C6A6932C5AC8640001A26D /* Build configuration list for PBXProject "SimpleHabitTracker" */ = {
			isa = XCConfigurationList;
			buildConfigurations = (
				08C6A6BA2C5AC8660001A26D /* Debug */,
				08C6A6BB2C5AC8660001A26D /* Release */,
			);
			defaultConfigurationIsVisible = 0;
			defaultConfigurationName = Release;
		};
		08C6A6BC2C5AC8660001A26D /* Build configuration list for PBXNativeTarget "SimpleHabitTracker" */ = {
			isa = XCConfigurationList;
			buildConfigurations = (
				08C6A6BD2C5AC8660001A26D /* Debug */,
				08C6A6BE2C5AC8660001A26D /* Release */,
			);
			defaultConfigurationIsVisible = 0;
			defaultConfigurationName = Release;
		};
		08C6A6BF2C5AC8660001A26D /* Build configuration list for PBXNativeTarget "SimpleHabitTrackerTests" */ = {
			isa = XCConfigurationList;
			buildConfigurations = (
				08C6A6C02C5AC8660001A26D /* Debug */,
				08C6A6C12C5AC8660001A26D /* Release */,
			);
			defaultConfigurationIsVisible = 0;
			defaultConfigurationName = Release;
		};
		08C6A6C22C5AC8660001A26D /* Build configuration list for PBXNativeTarget "SimpleHabitTrackerUITests" */ = {
			isa = XCConfigurationList;
			buildConfigurations = (
				08C6A6C32C5AC8660001A26D /* Debug */,
				08C6A6C42C5AC8660001A26D /* Release */,
			);
			defaultConfigurationIsVisible = 0;
			defaultConfigurationName = Release;
		};
/* End XCConfigurationList section */
	};
	rootObject = 08C6A6902C5AC8640001A26D /* Project object */;
}
